
Microsoft Visual Studio Solution File, Format Version 12.00
# Visual Studio Version 17
VisualStudioVersion = 17.14.36518.9 d17.14
MinimumVisualStudioVersion = 10.0.40219.1
Project("{FAE04EC0-301F-11D3-BF4B-00C04F79EFBC}") = "Maratonic.API", "Maratonic.API\Maratonic.API.csproj", "{97C5CEED-0E05-4774-AB34-6043A86A0DD2}"
EndProject
Global
	GlobalSection(SolutionConfigurationPlatforms) = preSolution
		Debug|Any CPU = Debug|Any CPU
		Release|Any CPU = Release|Any CPU
	EndGlobalSection
	GlobalSection(ProjectConfigurationPlatforms) = postSolution
		{97C5CEED-0E05-4774-AB34-6043A86A0DD2}.Debug|Any CPU.ActiveCfg = Debug|Any CPU
		{97C5CEED-0E05-4774-AB34-6043A86A0DD2}.Debug|Any CPU.Build.0 = Debug|Any CPU
		{97C5CEED-0E05-4774-AB34-6043A86A0DD2}.Release|Any CPU.ActiveCfg = Release|Any CPU
		{97C5CEED-0E05-4774-AB34-6043A86A0DD2}.Release|Any CPU.Build.0 = Release|Any CPU
	EndGlobalSection
	GlobalSection(SolutionProperties) = preSolution
		HideSolutionNode = FALSE
	EndGlobalSection
	GlobalSection(ExtensibilityGlobals) = postSolution
		SolutionGuid = {8BB1FD30-14CE-4985-97EB-6F86769964BD}
	EndGlobalSection
EndGlobal
